dependencies:
- name: postgresql
  repository: file://charts/postgresql
  version: 0.1.0
- name: keycloak
  repository: file://charts/keycloak
  version: 0.1.0
- name: nats
  repository: file://charts/nats
  version: 0.1.0
- name: neo4j
  repository: file://charts/neo4j
  version: 0.1.0
- name: orce
  repository: file://charts/orce
  version: 0.1.0
- name: federated-catalogue
  repository: file://charts/federated-catalogue
  version: 0.1.0
- name: custom-policy-agent
  repository: file://charts/custom-policy-agent
  version: 0.1.0
- name: mongodb
  repository: file://charts/mongodb
  version: 0.1.0
- name: ipfs
  repository: file://charts/ipfs
  version: 0.1.0
- name: ipfs-document-manager
  repository: file://charts/ipfs-document-manager
  version: 0.1.0
- name: kube-prometheus-stack
  repository: https://prometheus-community.github.io/helm-charts
  version: 85.2.0
digest: sha256:18a052256547a0a43c9421b9813d137632620a2db4c4e6b47919e27e1ae3edeb
generated: "2026-06-01T16:30:26.96912662+02:00"
