dependencies:
- name: postgresql
  repository: file://charts/postgresql
  version: 0.1.0
- name: keycloak
  repository: file://charts/keycloak
  version: 0.1.0
- name: nats
  repository: file://charts/nats
  version: 0.1.0
- name: neo4j
  repository: file://charts/neo4j
  version: 0.1.0
- name: federated-catalogue
  repository: file://charts/federated-catalogue
  version: 0.1.0
- name: custom-policy-agent
  repository: file://charts/custom-policy-agent
  version: 0.1.0
- name: mongodb
  repository: file://charts/mongodb
  version: 0.1.0
- name: ipfs
  repository: file://charts/ipfs
  version: 0.1.0
- name: ipfs-document-manager
  repository: file://charts/ipfs-document-manager
  version: 0.1.0
digest: sha256:53b4bd4474059e298eea0f993f33f5b1a68770e18724b1c29a068af38f6de2cf
generated: "2026-05-06T16:02:20.7193678+02:00"
