dependencies:
- name: postgresql
  repository: file://charts/postgresql
  version: 0.1.0
- name: keycloak
  repository: file://charts/keycloak
  version: 0.1.0
- name: hydra
  repository: file://charts/hydra
  version: 0.1.0
- name: nats
  repository: file://charts/nats
  version: 0.1.0
- name: neo4j
  repository: file://charts/neo4j
  version: 0.1.0
- name: orce
  repository: file://charts/orce
  version: 0.1.0
- name: federated-catalogue
  repository: file://charts/federated-catalogue
  version: 0.1.0
- name: custom-policy-agent
  repository: file://charts/custom-policy-agent
  version: 0.1.0
- name: mongodb
  repository: file://charts/mongodb
  version: 0.1.0
- name: ipfs
  repository: file://charts/ipfs
  version: 0.1.0
- name: ipfs-document-manager
  repository: file://charts/ipfs-document-manager
  version: 0.1.0
- name: crypto-provider
  repository: file://charts/crypto-provider
  version: 0.1.0
- name: statuslist-service
  repository: file://charts/statuslist-service
  version: 0.1.0
- name: kube-prometheus-stack
  repository: https://prometheus-community.github.io/helm-charts
  version: 85.2.0
- name: traefik
  repository: https://traefik.github.io/charts
  version: 41.0.0
digest: sha256:d2ce04bb2195ba6e52c759e34bbcedf69693f23e9ec7e65e4a7235ff8fb94ae3
generated: "2026-06-18T12:45:46.091622+02:00"
